// !$*UTF8*$!
{
	archiveVersion = 1;
	classes = {
	};
	objectVersion = 46;
	objects = {

/* Begin PBXBuildFile section */
		591E06091D44DB8B00E181B3 /* AppDelegate.swift in Sources */ = {isa = PBXBuildFile; fileRef = 591E06081D44DB8B00E181B3 /* AppDelegate.swift */; };
		591E060B1D44DB8B00E181B3 /* tryctionary-Prefix.pch in Resources */ = {isa = PBXBuildFile; fileRef = 591E060A1D44DB8B00E181B3 /* tryctionary-Prefix.pch */; };
		591E060D1D44DB8B00E181B3 /* Assets.xcassets in Resources */ = {isa = PBXBuildFile; fileRef = 591E060C1D44DB8B00E181B3 /* Assets.xcassets */; };
		591E06101D44DB8C00E181B3 /* LaunchScreen.storyboard in Resources */ = {isa = PBXBuildFile; fileRef = 591E060E1D44DB8C00E181B3 /* LaunchScreen.storyboard */; };
		591E06181D44DC4200E181B3 /* MainVC.swift in Sources */ = {isa = PBXBuildFile; fileRef = 591E06171D44DC4200E181B3 /* MainVC.swift */; };
		591E061D1D44F35400E181B3 /* italian.txt in Resources */ = {isa = PBXBuildFile; fileRef = 591E061C1D44F35400E181B3 /* italian.txt */; };
		591E06231D451D0200E181B3 /* it_IT.dic in Resources */ = {isa = PBXBuildFile; fileRef = 591E06221D451D0200E181B3 /* it_IT.dic */; };
/* End PBXBuildFile section */

/* Begin PBXFileReference section */
		591E06051D44DB8B00E181B3 /* tryctionary.app */ = {isa = PBXFileReference; explicitFileType = wrapper.application; includeInIndex = 0; path = tryctionary.app; sourceTree = BUILT_PRODUCTS_DIR; };
		591E06081D44DB8B00E181B3 /* AppDelegate.swift */ = {isa = PBXFileReference; lastKnownFileType = sourcecode.swift; path = AppDelegate.swift; sourceTree = "<group>"; };
		591E060A1D44DB8B00E181B3 /* tryctionary-Prefix.pch */ = {isa = PBXFileReference; lastKnownFileType = sourcecode.c.h; path = "tryctionary-Prefix.pch"; sourceTree = "<group>"; };
		591E060C1D44DB8B00E181B3 /* Assets.xcassets */ = {isa = PBXFileReference; lastKnownFileType = folder.assetcatalog; path = Assets.xcassets; sourceTree = "<group>"; };
		591E060F1D44DB8C00E181B3 /* Base */ = {isa = PBXFileReference; lastKnownFileType = file.storyboard; name = Base; path = Base.lproj/LaunchScreen.storyboard; sourceTree = "<group>"; };
		591E06111D44DB8C00E181B3 /* Info.plist */ = {isa = PBXFileReference; lastKnownFileType = text.plist.xml; path = Info.plist; sourceTree = "<group>"; };
		591E06171D44DC4200E181B3 /* MainVC.swift */ = {isa = PBXFileReference; fileEncoding = 4; lastKnownFileType = sourcecode.swift; path = MainVC.swift; sourceTree = "<group>"; };
		591E061C1D44F35400E181B3 /* italian.txt */ = {isa = PBXFileReference; fileEncoding = 4; lastKnownFileType = text; name = italian.txt; path = ../italian.txt; sourceTree = "<group>"; };
		591E06221D451D0200E181B3 /* it_IT.dic */ = {isa = PBXFileReference; fileEncoding = 4; lastKnownFileType = text; path = it_IT.dic; sourceTree = "<group>"; };
/* End PBXFileReference section */

/* Begin PBXFrameworksBuildPhase section */
		591E06021D44DB8B00E181B3 /* Frameworks */ = {
			isa = PBXFrameworksBuildPhase;
			buildActionMask = 2147483647;
			files = (
			);
			runOnlyForDeploymentPostprocessing = 0;
		};
/* End PBXFrameworksBuildPhase section */

/* Begin PBXGroup section */
		591E05FC1D44DB8B00E181B3 = {
			isa = PBXGroup;
			children = (
				591E06191D44ED2300E181B3 /* ExternalFile */,
				591E06071D44DB8B00E181B3 /* tryctionary */,
				591E06061D44DB8B00E181B3 /* Products */,
			);
			sourceTree = "<group>";
		};
		591E06061D44DB8B00E181B3 /* Products */ = {
			isa = PBXGroup;
			children = (
				591E06051D44DB8B00E181B3 /* tryctionary.app */,
			);
			name = Products;
			sourceTree = "<group>";
		};
		591E06071D44DB8B00E181B3 /* tryctionary */ = {
			isa = PBXGroup;
			children = (
				591E06081D44DB8B00E181B3 /* AppDelegate.swift */,
				591E060A1D44DB8B00E181B3 /* tryctionary-Prefix.pch */,
				591E060C1D44DB8B00E181B3 /* Assets.xcassets */,
				591E060E1D44DB8C00E181B3 /* LaunchScreen.storyboard */,
				591E06111D44DB8C00E181B3 /* Info.plist */,
				591E06171D44DC4200E181B3 /* MainVC.swift */,
				591E061C1D44F35400E181B3 /* italian.txt */,
				591E06221D451D0200E181B3 /* it_IT.dic */,
			);
			path = tryctionary;
			sourceTree = "<group>";
		};
		591E06191D44ED2300E181B3 /* ExternalFile */ = {
			isa = PBXGroup;
			children = (
			);
			name = ExternalFile;
			sourceTree = "<group>";
		};
/* End PBXGroup section */

/* Begin PBXNativeTarget section */
		591E06041D44DB8B00E181B3 /* tryctionary */ = {
			isa = PBXNativeTarget;
			buildConfigurationList = 591E06141D44DB8C00E181B3 /* Build configuration list for PBXNativeTarget "tryctionary" */;
			buildPhases = (
				591E06011D44DB8B00E181B3 /* Sources */,
				591E06021D44DB8B00E181B3 /* Frameworks */,
				591E06031D44DB8B00E181B3 /* Resources */,
			);
			buildRules = (
			);
			dependencies = (
			);
			name = tryctionary;
			productName = tryctionary;
			productReference = 591E06051D44DB8B00E181B3 /* tryctionary.app */;
			productType = "com.apple.product-type.application";
		};
/* End PBXNativeTarget section */

/* Begin PBXProject section */
		591E05FD1D44DB8B00E181B3 /* Project object */ = {
			isa = PBXProject;
			attributes = {
				LastSwiftUpdateCheck = 0730;
				LastUpgradeCheck = 0730;
				ORGANIZATIONNAME = "Andrea Asioli";
				TargetAttributes = {
					591E06041D44DB8B00E181B3 = {
						CreatedOnToolsVersion = 7.3.1;
					};
				};
			};
			buildConfigurationList = 591E06001D44DB8B00E181B3 /* Build configuration list for PBXProject "tryctionary" */;
			compatibilityVersion = "Xcode 3.2";
			developmentRegion = English;
			hasScannedForEncodings = 0;
			knownRegions = (
				en,
				Base,
			);
			mainGroup = 591E05FC1D44DB8B00E181B3;
			productRefGroup = 591E06061D44DB8B00E181B3 /* Products */;
			projectDirPath = "";
			projectRoot = "";
			targets = (
				591E06041D44DB8B00E181B3 /* tryctionary */,
			);
		};
/* End PBXProject section */

/* Begin PBXResourcesBuildPhase section */
		591E06031D44DB8B00E181B3 /* Resources */ = {
			isa = PBXResourcesBuildPhase;
			buildActionMask = 2147483647;
			files = (
				591E06101D44DB8C00E181B3 /* LaunchScreen.storyboard in Resources */,
				591E060D1D44DB8B00E181B3 /* Assets.xcassets in Resources */,
				591E06231D451D0200E181B3 /* it_IT.dic in Resources */,
				591E060B1D44DB8B00E181B3 /* tryctionary-Prefix.pch in Resources */,
				591E061D1D44F35400E181B3 /* italian.txt in Resources */,
			);
			runOnlyForDeploymentPostprocessing = 0;
		};
/* End PBXResourcesBuildPhase section */

/* Begin PBXSourcesBuildPhase section */
		591E06011D44DB8B00E181B3 /* Sources */ = {
			isa = PBXSourcesBuildPhase;
			buildActionMask = 2147483647;
			files = (
				591E06091D44DB8B00E181B3 /* AppDelegate.swift in Sources */,
				591E06181D44DC4200E181B3 /* MainVC.swift in Sources */,
			);
			runOnlyForDeploymentPostprocessing = 0;
		};
/* End PBXSourcesBuildPhase section */

/* Begin PBXVariantGroup section */
		591E060E1D44DB8C00E181B3 /* LaunchScreen.storyboard */ = {
			isa = PBXVariantGroup;
			children = (
				591E060F1D44DB8C00E181B3 /* Base */,
			);
			name = LaunchScreen.storyboard;
			sourceTree = "<group>";
		};
/* End PBXVariantGroup section */

/* Begin XCBuildConfiguration section */
		591E06121D44DB8C00E181B3 /* Debug */ = {
			isa = XCBuildConfiguration;
			buildSettings = {
				ALWAYS_SEARCH_USER_PATHS = NO;
				CLANG_ANALYZER_NONNULL = YES;
				CLANG_CXX_LANGUAGE_STANDARD = "gnu++0x";
				CLANG_CXX_LIBRARY = "libc++";
				CLANG_ENABLE_MODULES = YES;
				CLANG_ENABLE_OBJC_ARC = YES;
				CLANG_WARN_BOOL_CONVERSION = YES;
				CLANG_WARN_CONSTANT_CONVERSION = YES;
				CLANG_WARN_DIRECT_OBJC_ISA_USAGE = YES_ERROR;
				CLANG_WARN_EMPTY_BODY = YES;
				CLANG_WARN_ENUM_CONVERSION = YES;
				CLANG_WARN_INT_CONVERSION = YES;
				CLANG_WARN_OBJC_ROOT_CLASS = YES_ERROR;
				CLANG_WARN_UNREACHABLE_CODE = YES;
				CLANG_WARN__DUPLICATE_METHOD_MATCH = YES;
				"CODE_SIGN_IDENTITY[sdk=iphoneos*]" = "iPhone Developer";
				COPY_PHASE_STRIP = NO;
				DEBUG_INFORMATION_FORMAT = dwarf;
				ENABLE_STRICT_OBJC_MSGSEND = YES;
				ENABLE_TESTABILITY = YES;
				GCC_C_LANGUAGE_STANDARD = gnu99;
				GCC_DYNAMIC_NO_PIC = NO;
				GCC_NO_COMMON_BLOCKS = YES;
				GCC_OPTIMIZATION_LEVEL = 0;
				GCC_PREPROCESSOR_DEFINITIONS = (
					"DEBUG=1",
					"$(inherited)",
				);
				GCC_WARN_64_TO_32_BIT_CONVERSION = YES;
				GCC_WARN_ABOUT_RETURN_TYPE = YES_ERROR;
				GCC_WARN_UNDECLARED_SELECTOR = YES;
				GCC_WARN_UNINITIALIZED_AUTOS = YES_AGGRESSIVE;
				GCC_WARN_UNUSED_FUNCTION = YES;
				GCC_WARN_UNUSED_VARIABLE = YES;
				IPHONEOS_DEPLOYMENT_TARGET = 9.3;
				MTL_ENABLE_DEBUG_INFO = YES;
				ONLY_ACTIVE_ARCH = YES;
				SDKROOT = iphoneos;
				SWIFT_OPTIMIZATION_LEVEL = "-Onone";
			};
			name = Debug;
		};
		591E06131D44DB8C00E181B3 /* Release */ = {
			isa = XCBuildConfiguration;
			buildSettings = {
				ALWAYS_SEARCH_USER_PATHS = NO;
				CLANG_ANALYZER_NONNULL = YES;
				CLANG_CXX_LANGUAGE_STANDARD = "gnu++0x";
				CLANG_CXX_LIBRARY = "libc++";
				CLANG_ENABLE_MODULES = YES;
				CLANG_ENABLE_OBJC_ARC = YES;
				CLANG_WARN_BOOL_CONVERSION = YES;
				CLANG_WARN_CONSTANT_CONVERSION = YES;
				CLANG_WARN_DIRECT_OBJC_ISA_USAGE = YES_ERROR;
				CLANG_WARN_EMPTY_BODY = YES;
				CLANG_WARN_ENUM_CONVERSION = YES;
				CLANG_WARN_INT_CONVERSION = YES;
				CLANG_WARN_OBJC_ROOT_CLASS = YES_ERROR;
				CLANG_WARN_UNREACHABLE_CODE = YES;
				CLANG_WARN__DUPLICATE_METHOD_MATCH = YES;
				"CODE_SIGN_IDENTITY[sdk=iphoneos*]" = "iPhone Developer";
				COPY_PHASE_STRIP = NO;
				DEBUG_INFORMATION_FORMAT = "dwarf-with-dsym";
				ENABLE_NS_ASSERTIONS = NO;
				ENABLE_STRICT_OBJC_MSGSEND = YES;
				GCC_C_LANGUAGE_STANDARD = gnu99;
				GCC_NO_COMMON_BLOCKS = YES;
				GCC_WARN_64_TO_32_BIT_CONVERSION = YES;
				GCC_WARN_ABOUT_RETURN_TYPE = YES_ERROR;
				GCC_WARN_UNDECLARED_SELECTOR = YES;
				GCC_WARN_UNINITIALIZED_AUTOS = YES_AGGRESSIVE;
				GCC_WARN_UNUSED_FUNCTION = YES;
				GCC_WARN_UNUSED_VARIABLE = YES;
				IPHONEOS_DEPLOYMENT_TARGET = 9.3;
				MTL_ENABLE_DEBUG_INFO = NO;
				SDKROOT = iphoneos;
				VALIDATE_PRODUCT = YES;
			};
			name = Release;
		};
		591E06151D44DB8C00E181B3 /* Debug */ = {
			isa = XCBuildConfiguration;
			buildSettings = {
				ASSETCATALOG_COMPILER_APPICON_NAME = AppIcon;
				INFOPLIST_FILE = tryctionary/Info.plist;
				IPHONEOS_DEPLOYMENT_TARGET = 9.0;
				LD_RUNPATH_SEARCH_PATHS = "$(inherited) @executable_path/Frameworks";
				PRODUCT_BUNDLE_IDENTIFIER = com.itsasoftware.tryctionary;
				PRODUCT_NAME = "$(TARGET_NAME)";
			};
			name = Debug;
		};
		591E06161D44DB8C00E181B3 /* Release */ = {
			isa = XCBuildConfiguration;
			buildSettings = {
				ASSETCATALOG_COMPILER_APPICON_NAME = AppIcon;
				INFOPLIST_FILE = tryctionary/Info.plist;
				IPHONEOS_DEPLOYMENT_TARGET = 9.0;
				LD_RUNPATH_SEARCH_PATHS = "$(inherited) @executable_path/Frameworks";
				PRODUCT_BUNDLE_IDENTIFIER = com.itsasoftware.tryctionary;
				PRODUCT_NAME = "$(TARGET_NAME)";
			};
			name = Release;
		};
/* End XCBuildConfiguration section */

/* Begin XCConfigurationList section */
		591E06001D44DB8B00E181B3 /* Build configuration list for PBXProject "tryctionary" */ = {
			isa = XCConfigurationList;
			buildConfigurations = (
				591E06121D44DB8C00E181B3 /* Debug */,
				591E06131D44DB8C00E181B3 /* Release */,
			);
			defaultConfigurationIsVisible = 0;
			defaultConfigurationName = Release;
		};
		591E06141D44DB8C00E181B3 /* Build configuration list for PBXNativeTarget "tryctionary" */ = {
			isa = XCConfigurationList;
			buildConfigurations = (
				591E06151D44DB8C00E181B3 /* Debug */,
				591E06161D44DB8C00E181B3 /* Release */,
			);
			defaultConfigurationIsVisible = 0;
			defaultConfigurationName = Release;
		};
/* End XCConfigurationList section */
	};
	rootObject = 591E05FD1D44DB8B00E181B3 /* Project object */;
}
